# This file is automatically @generated by Cargo.
# It is not intended for manual editing.
version = 3

[[package]]
name = "denest"
version = "0.2.0"
source = "git+https://www.github.com/verdex/denest?tag=release-0.2.0#935af4b4bd2f68bbeab6c765cc650f7aaaabc982"

[[package]]
name = "matches"
version = "0.1.0"
dependencies = [
 "denest",
 "structuralize",
]

[[package]]
name = "renounce"
version = "0.3.0"
source = "git+https://www.github.com/verdex/renounce?tag=release-0.3.0#a963bf88f382a13488872062b82a96ff8889b41e"

[[package]]
name = "structuralize"
version = "0.9.0"
source = "git+https://www.github.com/verdex/structuralize?tag=release-0.9.0#975ef2330e3cbf9cb3ed9c63fa1638d5f4ccf61b"
dependencies = [
 "denest",
 "renounce",
]
